
Microsoft Visual Studio Solution File, Format Version 12.00
# Visual Studio 15
VisualStudioVersion = 15.0.28307.421
MinimumVisualStudioVersion = 10.0.40219.1
Project("{8BC9CEB8-8B4A-11D0-8D11-00A0C91BC942}") = "Menge_Qt", "Menge_Qt\Menge_Qt.vcxproj", "{B12702AD-ABFB-343A-A199-8E24837244A3}"
EndProject
Project("{8BC9CEB8-8B4A-11D0-8D11-00A0C91BC942}") = "MengeCore", "MengeCore\MengeCore.vcxproj", "{6A865E79-66DD-4778-8C0A-0C88D3A57511}"
EndProject
Project("{8BC9CEB8-8B4A-11D0-8D11-00A0C91BC942}") = "MengeDocs", "MengeDocs\MengeDocs.vcxproj", "{FADF1143-7F5F-44BD-AB9C-1BDD7DE85663}"
EndProject
Project("{8BC9CEB8-8B4A-11D0-8D11-00A0C91BC942}") = "MengeVis", "MengeVis\MengeVis.vcxproj", "{74C0AE6F-91B8-4A0B-9112-3456D29F924C}"
EndProject
Project("{8BC9CEB8-8B4A-11D0-8D11-00A0C91BC942}") = "tinyxml", "tinyxml\tinyxml.vcxproj", "{9E4483C0-7BBA-4776-851F-A42548E7F89E}"
EndProject
Global
	GlobalSection(SolutionConfigurationPlatforms) = preSolution
		Debug|x64 = Debug|x64
		Debug|x86 = Debug|x86
		Release|x64 = Release|x64
		Release|x86 = Release|x86
	EndGlobalSection
	GlobalSection(ProjectConfigurationPlatforms) = postSolution
		{B12702AD-ABFB-343A-A199-8E24837244A3}.Debug|x64.ActiveCfg = Debug|x64
		{B12702AD-ABFB-343A-A199-8E24837244A3}.Debug|x64.Build.0 = Debug|x64
		{B12702AD-ABFB-343A-A199-8E24837244A3}.Debug|x86.ActiveCfg = Debug|x64
		{B12702AD-ABFB-343A-A199-8E24837244A3}.Release|x64.ActiveCfg = Release|x64
		{B12702AD-ABFB-343A-A199-8E24837244A3}.Release|x64.Build.0 = Release|x64
		{B12702AD-ABFB-343A-A199-8E24837244A3}.Release|x86.ActiveCfg = Release|x64
		{6A865E79-66DD-4778-8C0A-0C88D3A57511}.Debug|x64.ActiveCfg = Debug|x64
		{6A865E79-66DD-4778-8C0A-0C88D3A57511}.Debug|x64.Build.0 = Debug|x64
		{6A865E79-66DD-4778-8C0A-0C88D3A57511}.Debug|x86.ActiveCfg = Debug|Win32
		{6A865E79-66DD-4778-8C0A-0C88D3A57511}.Debug|x86.Build.0 = Debug|Win32
		{6A865E79-66DD-4778-8C0A-0C88D3A57511}.Release|x64.ActiveCfg = Release|x64
		{6A865E79-66DD-4778-8C0A-0C88D3A57511}.Release|x64.Build.0 = Release|x64
		{6A865E79-66DD-4778-8C0A-0C88D3A57511}.Release|x86.ActiveCfg = Release|Win32
		{6A865E79-66DD-4778-8C0A-0C88D3A57511}.Release|x86.Build.0 = Release|Win32
		{FADF1143-7F5F-44BD-AB9C-1BDD7DE85663}.Debug|x64.ActiveCfg = Debug|x64
		{FADF1143-7F5F-44BD-AB9C-1BDD7DE85663}.Debug|x64.Build.0 = Debug|x64
		{FADF1143-7F5F-44BD-AB9C-1BDD7DE85663}.Debug|x86.ActiveCfg = Debug|Win32
		{FADF1143-7F5F-44BD-AB9C-1BDD7DE85663}.Debug|x86.Build.0 = Debug|Win32
		{FADF1143-7F5F-44BD-AB9C-1BDD7DE85663}.Release|x64.ActiveCfg = Release|x64
		{FADF1143-7F5F-44BD-AB9C-1BDD7DE85663}.Release|x64.Build.0 = Release|x64
		{FADF1143-7F5F-44BD-AB9C-1BDD7DE85663}.Release|x86.ActiveCfg = Release|Win32
		{FADF1143-7F5F-44BD-AB9C-1BDD7DE85663}.Release|x86.Build.0 = Release|Win32
		{74C0AE6F-91B8-4A0B-9112-3456D29F924C}.Debug|x64.ActiveCfg = Debug|x64
		{74C0AE6F-91B8-4A0B-9112-3456D29F924C}.Debug|x64.Build.0 = Debug|x64
		{74C0AE6F-91B8-4A0B-9112-3456D29F924C}.Debug|x86.ActiveCfg = Debug|Win32
		{74C0AE6F-91B8-4A0B-9112-3456D29F924C}.Debug|x86.Build.0 = Debug|Win32
		{74C0AE6F-91B8-4A0B-9112-3456D29F924C}.Release|x64.ActiveCfg = Release|x64
		{74C0AE6F-91B8-4A0B-9112-3456D29F924C}.Release|x64.Build.0 = Release|x64
		{74C0AE6F-91B8-4A0B-9112-3456D29F924C}.Release|x86.ActiveCfg = Release|Win32
		{74C0AE6F-91B8-4A0B-9112-3456D29F924C}.Release|x86.Build.0 = Release|Win32
		{9E4483C0-7BBA-4776-851F-A42548E7F89E}.Debug|x64.ActiveCfg = Debug|x64
		{9E4483C0-7BBA-4776-851F-A42548E7F89E}.Debug|x64.Build.0 = Debug|x64
		{9E4483C0-7BBA-4776-851F-A42548E7F89E}.Debug|x86.ActiveCfg = Debug|Win32
		{9E4483C0-7BBA-4776-851F-A42548E7F89E}.Debug|x86.Build.0 = Debug|Win32
		{9E4483C0-7BBA-4776-851F-A42548E7F89E}.Release|x64.ActiveCfg = Release|x64
		{9E4483C0-7BBA-4776-851F-A42548E7F89E}.Release|x64.Build.0 = Release|x64
		{9E4483C0-7BBA-4776-851F-A42548E7F89E}.Release|x86.ActiveCfg = Release|Win32
		{9E4483C0-7BBA-4776-851F-A42548E7F89E}.Release|x86.Build.0 = Release|Win32
	EndGlobalSection
	GlobalSection(SolutionProperties) = preSolution
		HideSolutionNode = FALSE
	EndGlobalSection
	GlobalSection(ExtensibilityGlobals) = postSolution
		SolutionGuid = {62B0A80C-67C1-4FEB-A347-3605798B8668}
	EndGlobalSection
EndGlobal
