<?xml version="1.0" encoding="utf-8"?>
<Project ToolsVersion="4.0" xmlns="http://schemas.microsoft.com/developer/msbuild/2003">
  <ItemGroup>
    <Filter Include="config_files">
      <UniqueIdentifier>{a5f1a86f-7540-4650-be43-949193fea491}</UniqueIdentifier>
    </Filter>
    <Filter Include="details">
      <UniqueIdentifier>{61200451-2b85-43a6-a627-803fc603c01d}</UniqueIdentifier>
    </Filter>
  </ItemGroup>
</Project>